
Microsoft Visual Studio Solution File, Format Version 12.00
# Visual Studio Version 17
VisualStudioVersion = 17.6.33829.357
MinimumVisualStudioVersion = 10.0.40219.1
Project("{54A90642-561A-4BB1-A94E-469ADEE60C69}") = "giu-react", "giu-react.esproj", "{AFAD5384-86FD-4A1C-8714-19B41BE3C76B}"
EndProject
Global
	GlobalSection(SolutionConfigurationPlatforms) = preSolution
		Debug|Any CPU = Debug|Any CPU
		Release|Any CPU = Release|Any CPU
	EndGlobalSection
	GlobalSection(ProjectConfigurationPlatforms) = postSolution
		{AFAD5384-86FD-4A1C-8714-19B41BE3C76B}.Debug|Any CPU.ActiveCfg = Debug|Any CPU
		{AFAD5384-86FD-4A1C-8714-19B41BE3C76B}.Debug|Any CPU.Build.0 = Debug|Any CPU
		{AFAD5384-86FD-4A1C-8714-19B41BE3C76B}.Debug|Any CPU.Deploy.0 = Debug|Any CPU
		{AFAD5384-86FD-4A1C-8714-19B41BE3C76B}.Release|Any CPU.ActiveCfg = Release|Any CPU
		{AFAD5384-86FD-4A1C-8714-19B41BE3C76B}.Release|Any CPU.Build.0 = Release|Any CPU
		{AFAD5384-86FD-4A1C-8714-19B41BE3C76B}.Release|Any CPU.Deploy.0 = Release|Any CPU
	EndGlobalSection
	GlobalSection(SolutionProperties) = preSolution
		HideSolutionNode = FALSE
	EndGlobalSection
	GlobalSection(ExtensibilityGlobals) = postSolution
		SolutionGuid = {B1D6ACC7-7901-4755-B7C7-3CD3487F7FF3}
	EndGlobalSection
EndGlobal
